<?xml version="1.0" encoding="utf-8"?>
<Project ToolsVersion="4.0" xmlns="http://schemas.microsoft.com/developer/msbuild/2003">
  <ItemGroup>
    <Filter Include="gtl">
      <UniqueIdentifier>{412fdef0-2355-4fa5-a0b6-0ee4da4ecda9}</UniqueIdentifier>
    </Filter>
    <Filter Include="Header Files">
      <UniqueIdentifier>{93995380-89BD-4b04-88EB-625FBE52EBFB}</UniqueIdentifier>
      <Extensions>h;hh;hpp;hxx;h++;hm;inl;inc;ipp;xsd</Extensions>
    </Filter>
    <Filter Include="Source Files">
      <UniqueIdentifier>{4FC737F1-C7A5-4376-A066-2A32D752A2FF}</UniqueIdentifier>
      <Extensions>cpp;c;cc;cxx;c++;cppm;ixx;def;odl;idl;hpj;bat;asm;asmx</Extensions>
    </Filter>
  </ItemGroup>
  <ItemGroup>
    <ClCompile Include="archive_stream.cpp">
      <Filter>Source Files</Filter>
    </ClCompile>
    <ClCompile Include="archive_text.cpp">
      <Filter>Source Files</Filter>
    </ClCompile>
    <ClCompile Include="base64.cpp">
      <Filter>Source Files</Filter>
    </ClCompile>
    <ClCompile Include="debug.cpp">
      <Filter>Source Files</Filter>
    </ClCompile>
    <ClCompile Include="debug_bugtrap.cpp">
      <Filter>Source Files</Filter>
    </ClCompile>
    <ClCompile Include="debug_callstack.cpp">
      <Filter>Source Files</Filter>
    </ClCompile>
    <ClCompile Include="endianswapfmt.cpp">
      <Filter>Source Files</Filter>
    </ClCompile>
    <ClCompile Include="er_compressor.cpp">
      <Filter>Source Files</Filter>
    </ClCompile>
    <ClCompile Include="guid_generator.cpp">
      <Filter>Source Files</Filter>
    </ClCompile>
    <ClCompile Include="libfrustum3.cpp">
      <Filter>Source Files</Filter>
    </ClCompile>
    <ClCompile Include="libmmgr.cpp">
      <Filter>Source Files</Filter>
    </ClCompile>
    <ClCompile Include="libmmgr_debug.cpp">
      <Filter>Source Files</Filter>
    </ClCompile>
    <ClCompile Include="libmmgr_pool.cpp">
      <Filter>Source Files</Filter>
    </ClCompile>
    <ClCompile Include="libmmgr_shared.cpp">
      <Filter>Source Files</Filter>
    </ClCompile>
    <ClCompile Include="libmmgr_suballocator.cpp">
      <Filter>Source Files</Filter>
    </ClCompile>
    <ClCompile Include="libstr.cpp">
      <Filter>Source Files</Filter>
    </ClCompile>
    <ClCompile Include="log.cpp">
      <Filter>Source Files</Filter>
    </ClCompile>
    <ClCompile Include="progress_manager.cpp">
      <Filter>Source Files</Filter>
    </ClCompile>
    <ClCompile Include="threading.cpp">
      <Filter>Source Files</Filter>
    </ClCompile>
    <ClCompile Include="u_compressor.cpp">
      <Filter>Source Files</Filter>
    </ClCompile>
    <ClCompile Include="uCore.cpp">
      <Filter>Source Files</Filter>
    </ClCompile>
    <ClCompile Include="vfs.cpp">
      <Filter>Source Files</Filter>
    </ClCompile>
    <ClCompile Include="vfs_buffered_io.cpp">
      <Filter>Source Files</Filter>
    </ClCompile>
    <ClCompile Include="vfs_impl_new.cpp">
      <Filter>Source Files</Filter>
    </ClCompile>
    <ClCompile Include="vfs_io_server.cpp">
      <Filter>Source Files</Filter>
    </ClCompile>
    <ClCompile Include="vfs_open.cpp">
      <Filter>Source Files</Filter>
    </ClCompile>
    <ClCompile Include="vfs_package_cache.cpp">
      <Filter>Source Files</Filter>
    </ClCompile>
    <ClCompile Include="vfs_package_manager.cpp">
      <Filter>Source Files</Filter>
    </ClCompile>
    <ClCompile Include="vfs_package_writer.cpp">
      <Filter>Source Files</Filter>
    </ClCompile>
    <ClCompile Include="vfs_path_notifier.cpp">
      <Filter>Source Files</Filter>
    </ClCompile>
    <ClCompile Include="vfs_query.cpp">
      <Filter>Source Files</Filter>
    </ClCompile>
    <ClCompile Include="vfs_trace.cpp">
      <Filter>Source Files</Filter>
    </ClCompile>
    <ClCompile Include="vfs_utils.cpp">
      <Filter>Source Files</Filter>
    </ClCompile>
    <ClCompile Include="vfs_x_reader.cpp">
      <Filter>Source Files</Filter>
    </ClCompile>
    <ClCompile Include="u_string.cpp">
      <Filter>Source Files</Filter>
    </ClCompile>
    <ClCompile Include="libtimer.cpp">
      <Filter>Source Files</Filter>
    </ClCompile>
    <ClCompile Include="libplatform.cpp">
      <Filter>Source Files</Filter>
    </ClCompile>
    <ClCompile Include="tlsf.c">
      <Filter>Source Files</Filter>
    </ClCompile>
    <ClCompile Include="vfs_streams.cpp">
      <Filter>Source Files</Filter>
    </ClCompile>
  </ItemGroup>
  <ItemGroup>
    <ClInclude Include="archive.h">
      <Filter>Header Files</Filter>
    </ClInclude>
    <ClInclude Include="archive_def.h">
      <Filter>Header Files</Filter>
    </ClInclude>
    <ClInclude Include="archive_impl.h">
      <Filter>Header Files</Filter>
    </ClInclude>
    <ClInclude Include="archive_stable.h">
      <Filter>Header Files</Filter>
    </ClInclude>
    <ClInclude Include="archive_stream.h">
      <Filter>Header Files</Filter>
    </ClInclude>
    <ClInclude Include="archive_stream_inline.h">
      <Filter>Header Files</Filter>
    </ClInclude>
    <ClInclude Include="archive_text_inline.h">
      <Filter>Header Files</Filter>
    </ClInclude>
    <ClInclude Include="archive_text.h">
      <Filter>Header Files</Filter>
    </ClInclude>
    <ClInclude Include="debug.h">
      <Filter>Header Files</Filter>
    </ClInclude>
    <ClInclude Include="ext_stl.h">
      <Filter>Header Files</Filter>
    </ClInclude>
    <ClInclude Include="libbitwise.h">
      <Filter>Header Files</Filter>
    </ClInclude>
    <ClInclude Include="libmmgr.h">
      <Filter>Header Files</Filter>
    </ClInclude>
    <ClInclude Include="libsphere.h">
      <Filter>Header Files</Filter>
    </ClInclude>
    <ClInclude Include="libmmgr_shared.h">
      <Filter>Header Files</Filter>
    </ClInclude>
    <ClInclude Include="libstdext.h">
      <Filter>Header Files</Filter>
    </ClInclude>
    <ClInclude Include="libstr.h">
      <Filter>Header Files</Filter>
    </ClInclude>
    <ClInclude Include="progress_item.h">
      <Filter>Header Files</Filter>
    </ClInclude>
    <ClInclude Include="memmove.h">
      <Filter>Header Files</Filter>
    </ClInclude>
    <ClInclude Include="threading.h">
      <Filter>Header Files</Filter>
    </ClInclude>
    <ClInclude Include="u_string.h">
      <Filter>Header Files</Filter>
    </ClInclude>
    <ClInclude Include="u_svector.h">
      <Filter>Header Files</Filter>
    </ClInclude>
    <ClInclude Include="u_taskpool.h">
      <Filter>Header Files</Filter>
    </ClInclude>
    <ClInclude Include="u_map.h">
      <Filter>Header Files</Filter>
    </ClInclude>
    <ClInclude Include="u_vector.h">
      <Filter>Header Files</Filter>
    </ClInclude>
    <ClInclude Include="u_vector_base.h">
      <Filter>Header Files</Filter>
    </ClInclude>
    <ClInclude Include="uCore.h">
      <Filter>Header Files</Filter>
    </ClInclude>
    <ClInclude Include="utils.h">
      <Filter>Header Files</Filter>
    </ClInclude>
    <ClInclude Include="vfs_buffered_io.h">
      <Filter>Header Files</Filter>
    </ClInclude>
    <ClInclude Include="vfs_streams_internal.h">
      <Filter>Header Files</Filter>
    </ClInclude>
    <ClInclude Include="vfs_trace.h">
      <Filter>Header Files</Filter>
    </ClInclude>
    <ClInclude Include="vfs_utils.h">
      <Filter>Header Files</Filter>
    </ClInclude>
    <ClInclude Include="vfs_path_notifier.h">
      <Filter>Header Files</Filter>
    </ClInclude>
    <ClInclude Include="libtypes.h">
      <Filter>Header Files</Filter>
    </ClInclude>
    <ClInclude Include="stdafx.h">
      <Filter>Header Files</Filter>
    </ClInclude>
    <ClInclude Include="log.h">
      <Filter>Header Files</Filter>
    </ClInclude>
    <ClInclude Include="ext_std.h">
      <Filter>Header Files</Filter>
    </ClInclude>
    <ClInclude Include="fastdelegate.h">
      <Filter>Header Files</Filter>
    </ClInclude>
    <ClInclude Include="vfs.h">
      <Filter>Header Files</Filter>
    </ClInclude>
    <ClInclude Include="libtimer.h">
      <Filter>Header Files</Filter>
    </ClInclude>
    <ClInclude Include="libplatform.h">
      <Filter>Header Files</Filter>
    </ClInclude>
    <ClInclude Include="librandom.h">
      <Filter>Header Files</Filter>
    </ClInclude>
    <ClInclude Include="u_compressor.h">
      <Filter>Header Files</Filter>
    </ClInclude>
    <ClInclude Include="vfs_package_registry.h">
      <Filter>Header Files</Filter>
    </ClInclude>
    <ClInclude Include="tlsf.h">
      <Filter>Header Files</Filter>
    </ClInclude>
    <ClInclude Include="gtl\intrusive_ptr.h">
      <Filter>gtl</Filter>
    </ClInclude>
    <ClInclude Include="gtl\intrusive_ptr_inline.h">
      <Filter>gtl</Filter>
    </ClInclude>
    <ClInclude Include="gtl\object_type_traits.h">
      <Filter>gtl</Filter>
    </ClInclude>
    <ClInclude Include="vfs_x_reader.h">
      <Filter>Header Files</Filter>
    </ClInclude>
    <ClInclude Include="vfs_streams.h">
      <Filter>Header Files</Filter>
    </ClInclude>
    <ClInclude Include="libvec2.h">
      <Filter>Header Files</Filter>
    </ClInclude>
    <ClInclude Include="libvec3.h">
      <Filter>Header Files</Filter>
    </ClInclude>
    <ClInclude Include="libvec4.h">
      <Filter>Header Files</Filter>
    </ClInclude>
    <ClInclude Include="libmath.h">
      <Filter>Header Files</Filter>
    </ClInclude>
    <ClInclude Include="libmatrix.h">
      <Filter>Header Files</Filter>
    </ClInclude>
    <ClInclude Include="libmatrix43.h">
      <Filter>Header Files</Filter>
    </ClInclude>
    <ClInclude Include="libflags.h">
      <Filter>Header Files</Filter>
    </ClInclude>
  </ItemGroup>
</Project>